
Microsoft Visual Studio Solution File, Format Version 12.00
# Visual Studio Version 17
VisualStudioVersion = 17.3.32929.385
MinimumVisualStudioVersion = 10.0.40219.1
Project("{9A19103F-16F7-4668-BE54-9A1E7A4F7556}") = "IndividualWork-2", "PracticalWork\IndividualWork-2.csproj", "{7AFCB80B-74BD-4629-A085-095C83332619}"
EndProject
Project("{9A19103F-16F7-4668-BE54-9A1E7A4F7556}") = "EKRLib", "EKRLib\EKRLib.csproj", "{82CDE1D8-6C4C-4FB6-A559-58356928E262}"
EndProject
Global
	GlobalSection(SolutionConfigurationPlatforms) = preSolution
		Debug|Any CPU = Debug|Any CPU
		Release|Any CPU = Release|Any CPU
	EndGlobalSection
	GlobalSection(ProjectConfigurationPlatforms) = postSolution
		{7AFCB80B-74BD-4629-A085-095C83332619}.Debug|Any CPU.ActiveCfg = Debug|Any CPU
		{7AFCB80B-74BD-4629-A085-095C83332619}.Debug|Any CPU.Build.0 = Debug|Any CPU
		{7AFCB80B-74BD-4629-A085-095C83332619}.Release|Any CPU.ActiveCfg = Release|Any CPU
		{7AFCB80B-74BD-4629-A085-095C83332619}.Release|Any CPU.Build.0 = Release|Any CPU
		{82CDE1D8-6C4C-4FB6-A559-58356928E262}.Debug|Any CPU.ActiveCfg = Debug|Any CPU
		{82CDE1D8-6C4C-4FB6-A559-58356928E262}.Debug|Any CPU.Build.0 = Debug|Any CPU
		{82CDE1D8-6C4C-4FB6-A559-58356928E262}.Release|Any CPU.ActiveCfg = Release|Any CPU
		{82CDE1D8-6C4C-4FB6-A559-58356928E262}.Release|Any CPU.Build.0 = Release|Any CPU
	EndGlobalSection
	GlobalSection(SolutionProperties) = preSolution
		HideSolutionNode = FALSE
	EndGlobalSection
	GlobalSection(ExtensibilityGlobals) = postSolution
		SolutionGuid = {0164EF06-90D1-48AA-9C66-A4E061D6FE6D}
	EndGlobalSection
EndGlobal
